// !$*UTF8*$!
{
	archiveVersion = 1;
	classes = {
	};
	objectVersion = 51;
	objects = {

/* Begin PBXBuildFile section */
		2FF1C7E11459BA0A00BDECE9 /* Pods_QuizApp.framework in Frameworks */ = {isa = PBXBuildFile; fileRef = A37CB6B851B6EB14E73F76A1 /* Pods_QuizApp.framework */; };
		634EAE37263FF99A00006FAA /* AppRouter.swift in Sources */ = {isa = PBXBuildFile; fileRef = 634EAE36263FF99A00006FAA /* AppRouter.swift */; };
		634EAE39264003E000006FAA /* QuizStartViewController.swift in Sources */ = {isa = PBXBuildFile; fileRef = 634EAE38264003E000006FAA /* QuizStartViewController.swift */; };
		634EAE3B2640057600006FAA /* NavigationTitleLabel.swift in Sources */ = {isa = PBXBuildFile; fileRef = 634EAE3A2640057600006FAA /* NavigationTitleLabel.swift */; };
		634EAE3D2640402E00006FAA /* QuizViewController.swift in Sources */ = {isa = PBXBuildFile; fileRef = 634EAE3C2640402E00006FAA /* QuizViewController.swift */; };
		634EAE3F2640575900006FAA /* AnswerButton.swift in Sources */ = {isa = PBXBuildFile; fileRef = 634EAE3E2640575900006FAA /* AnswerButton.swift */; };
		634EAE412640836A00006FAA /* QuestionTrackerView.swift in Sources */ = {isa = PBXBuildFile; fileRef = 634EAE402640836A00006FAA /* QuestionTrackerView.swift */; };
		634EAE432641322700006FAA /* QuizResultViewController.swift in Sources */ = {isa = PBXBuildFile; fileRef = 634EAE422641322700006FAA /* QuizResultViewController.swift */; };
		6350192026244B4D00AC0E4F /* LoginViewController.swift in Sources */ = {isa = PBXBuildFile; fileRef = 6350191F26244B4D00AC0E4F /* LoginViewController.swift */; };
		6350193E26245F1200AC0E4F /* Quiz.swift in Sources */ = {isa = PBXBuildFile; fileRef = 6350193A26245F1200AC0E4F /* Quiz.swift */; };
		6350193F26245F1200AC0E4F /* Question.swift in Sources */ = {isa = PBXBuildFile; fileRef = 6350193B26245F1200AC0E4F /* Question.swift */; };
		6350194126245F1200AC0E4F /* QuizCategory.swift in Sources */ = {isa = PBXBuildFile; fileRef = 6350193D26245F1200AC0E4F /* QuizCategory.swift */; };
		6350194A26246C1E00AC0E4F /* BackgroundStyle.swift in Sources */ = {isa = PBXBuildFile; fileRef = 6350194926246C1E00AC0E4F /* BackgroundStyle.swift */; };
		6350194D262477D300AC0E4F /* StyleOptions.swift in Sources */ = {isa = PBXBuildFile; fileRef = 6350194C262477D300AC0E4F /* StyleOptions.swift */; };
		6350195D2624AE9F00AC0E4F /* LoginTextField.swift in Sources */ = {isa = PBXBuildFile; fileRef = 6350195C2624AE9F00AC0E4F /* LoginTextField.swift */; };
		635019602624B69800AC0E4F /* MenuButton.swift in Sources */ = {isa = PBXBuildFile; fileRef = 6350195F2624B69800AC0E4F /* MenuButton.swift */; };
		6350196926256C6F00AC0E4F /* SourceSansPro-Bold.ttf in Resources */ = {isa = PBXBuildFile; fileRef = 6350196726256C6F00AC0E4F /* SourceSansPro-Bold.ttf */; };
		6350196A26256C6F00AC0E4F /* SourceSansPro-Regular.ttf in Resources */ = {isa = PBXBuildFile; fileRef = 6350196826256C6F00AC0E4F /* SourceSansPro-Regular.ttf */; };
		6350196D26256E9800AC0E4F /* FontConstants.swift in Sources */ = {isa = PBXBuildFile; fileRef = 6350196C26256E9800AC0E4F /* FontConstants.swift */; };
		635019732625744300AC0E4F /* LoginStatus.swift in Sources */ = {isa = PBXBuildFile; fileRef = 635019702625744200AC0E4F /* LoginStatus.swift */; };
		635019742625744300AC0E4F /* DataService.swift in Sources */ = {isa = PBXBuildFile; fileRef = 635019712625744200AC0E4F /* DataService.swift */; };
		635019752625744300AC0E4F /* DataServiceProtocol.swift in Sources */ = {isa = PBXBuildFile; fileRef = 635019722625744200AC0E4F /* DataServiceProtocol.swift */; };
		6350197826257B4400AC0E4F /* QuizzesViewController.swift in Sources */ = {isa = PBXBuildFile; fileRef = 6350197726257B4400AC0E4F /* QuizzesViewController.swift */; };
		6350197B2625826E00AC0E4F /* Constants.swift in Sources */ = {isa = PBXBuildFile; fileRef = 6350197A2625826E00AC0E4F /* Constants.swift */; };
		6350198326258AB600AC0E4F /* PopQuizLabel.swift in Sources */ = {isa = PBXBuildFile; fileRef = 6350198226258AB600AC0E4F /* PopQuizLabel.swift */; };
		6350198A2625900000AC0E4F /* SearchViewController.swift in Sources */ = {isa = PBXBuildFile; fileRef = 635019892625900000AC0E4F /* SearchViewController.swift */; };
		6350198D262590F600AC0E4F /* SettingsViewController.swift in Sources */ = {isa = PBXBuildFile; fileRef = 6350198C262590F600AC0E4F /* SettingsViewController.swift */; };
		635019B02625A3B000AC0E4F /* SourceSansPro-SemiBold.ttf in Resources */ = {isa = PBXBuildFile; fileRef = 635019AF2625A3B000AC0E4F /* SourceSansPro-SemiBold.ttf */; };
		635019BA2625F40100AC0E4F /* QuizCell.swift in Sources */ = {isa = PBXBuildFile; fileRef = 635019B92625F40100AC0E4F /* QuizCell.swift */; };
		635019C32626571A00AC0E4F /* QuizCategoryColor.swift in Sources */ = {isa = PBXBuildFile; fileRef = 635019C22626571A00AC0E4F /* QuizCategoryColor.swift */; };
		635DB7712642D167001029BA /* MainCoordinatorPattern.swift in Sources */ = {isa = PBXBuildFile; fileRef = 635DB7702642D167001029BA /* MainCoordinatorPattern.swift */; };
		635DB7742642D4CB001029BA /* DataCoordinator.swift in Sources */ = {isa = PBXBuildFile; fileRef = 635DB7732642D4CB001029BA /* DataCoordinator.swift */; };
		635DB7762643EDCF001029BA /* LandscapeWindowExtension.swift in Sources */ = {isa = PBXBuildFile; fileRef = 635DB7752643EDCF001029BA /* LandscapeWindowExtension.swift */; };
		635DB778264435F5001029BA /* LeaderboardViewController.swift in Sources */ = {isa = PBXBuildFile; fileRef = 635DB777264435F5001029BA /* LeaderboardViewController.swift */; };
		635DB77A26444684001029BA /* LeaderboardManager.swift in Sources */ = {isa = PBXBuildFile; fileRef = 635DB77926444684001029BA /* LeaderboardManager.swift */; };
		635DB77C264448B7001029BA /* LeaderboardModel.swift in Sources */ = {isa = PBXBuildFile; fileRef = 635DB77B264448B7001029BA /* LeaderboardModel.swift */; };
		635DB77E264454EE001029BA /* LeaderboardCell.swift in Sources */ = {isa = PBXBuildFile; fileRef = 635DB77D264454EE001029BA /* LeaderboardCell.swift */; };
		6373A1162626D27C00273117 /* PopupView.swift in Sources */ = {isa = PBXBuildFile; fileRef = 6373A1152626D27C00273117 /* PopupView.swift */; };
		638062C2263E019200F1E633 /* ImageEnum.swift in Sources */ = {isa = PBXBuildFile; fileRef = 638062C1263E019200F1E633 /* ImageEnum.swift */; };
		63BC9CEA2624249800BE9BA6 /* AppDelegate.swift in Sources */ = {isa = PBXBuildFile; fileRef = 63BC9CE92624249800BE9BA6 /* AppDelegate.swift */; };
		63BC9CEC2624249800BE9BA6 /* SceneDelegate.swift in Sources */ = {isa = PBXBuildFile; fileRef = 63BC9CEB2624249800BE9BA6 /* SceneDelegate.swift */; };
		63BC9CF32624249A00BE9BA6 /* Assets.xcassets in Resources */ = {isa = PBXBuildFile; fileRef = 63BC9CF22624249A00BE9BA6 /* Assets.xcassets */; };
		63BC9CF62624249A00BE9BA6 /* LaunchScreen.storyboard in Resources */ = {isa = PBXBuildFile; fileRef = 63BC9CF42624249A00BE9BA6 /* LaunchScreen.storyboard */; };
/* End PBXBuildFile section */

/* Begin PBXFileReference section */
		1D6031BC8A6DAD7995F5614C /* Pods-QuizApp.debug.xcconfig */ = {isa = PBXFileReference; includeInIndex = 1; lastKnownFileType = text.xcconfig; name = "Pods-QuizApp.debug.xcconfig"; path = "Target Support Files/Pods-QuizApp/Pods-QuizApp.debug.xcconfig"; sourceTree = "<group>"; };
		634EAE36263FF99A00006FAA /* AppRouter.swift */ = {isa = PBXFileReference; lastKnownFileType = sourcecode.swift; path = AppRouter.swift; sourceTree = "<group>"; };
		634EAE38264003E000006FAA /* QuizStartViewController.swift */ = {isa = PBXFileReference; lastKnownFileType = sourcecode.swift; path = QuizStartViewController.swift; sourceTree = "<group>"; };
		634EAE3A2640057600006FAA /* NavigationTitleLabel.swift */ = {isa = PBXFileReference; lastKnownFileType = sourcecode.swift; path = NavigationTitleLabel.swift; sourceTree = "<group>"; };
		634EAE3C2640402E00006FAA /* QuizViewController.swift */ = {isa = PBXFileReference; lastKnownFileType = sourcecode.swift; path = QuizViewController.swift; sourceTree = "<group>"; };
		634EAE3E2640575900006FAA /* AnswerButton.swift */ = {isa = PBXFileReference; lastKnownFileType = sourcecode.swift; path = AnswerButton.swift; sourceTree = "<group>"; };
		634EAE402640836A00006FAA /* QuestionTrackerView.swift */ = {isa = PBXFileReference; lastKnownFileType = sourcecode.swift; path = QuestionTrackerView.swift; sourceTree = "<group>"; };
		634EAE422641322700006FAA /* QuizResultViewController.swift */ = {isa = PBXFileReference; lastKnownFileType = sourcecode.swift; path = QuizResultViewController.swift; sourceTree = "<group>"; };
		6350191F26244B4D00AC0E4F /* LoginViewController.swift */ = {isa = PBXFileReference; lastKnownFileType = sourcecode.swift; path = LoginViewController.swift; sourceTree = "<group>"; };
		6350193A26245F1200AC0E4F /* Quiz.swift */ = {isa = PBXFileReference; fileEncoding = 4; lastKnownFileType = sourcecode.swift; path = Quiz.swift; sourceTree = "<group>"; };
		6350193B26245F1200AC0E4F /* Question.swift */ = {isa = PBXFileReference; fileEncoding = 4; lastKnownFileType = sourcecode.swift; path = Question.swift; sourceTree = "<group>"; };
		6350193D26245F1200AC0E4F /* QuizCategory.swift */ = {isa = PBXFileReference; fileEncoding = 4; lastKnownFileType = sourcecode.swift; path = QuizCategory.swift; sourceTree = "<group>"; };
		6350194926246C1E00AC0E4F /* BackgroundStyle.swift */ = {isa = PBXFileReference; lastKnownFileType = sourcecode.swift; path = BackgroundStyle.swift; sourceTree = "<group>"; };
		6350194C262477D300AC0E4F /* StyleOptions.swift */ = {isa = PBXFileReference; lastKnownFileType = sourcecode.swift; path = StyleOptions.swift; sourceTree = "<group>"; };
		6350195C2624AE9F00AC0E4F /* LoginTextField.swift */ = {isa = PBXFileReference; lastKnownFileType = sourcecode.swift; path = LoginTextField.swift; sourceTree = "<group>"; };
		6350195F2624B69800AC0E4F /* MenuButton.swift */ = {isa = PBXFileReference; lastKnownFileType = sourcecode.swift; path = MenuButton.swift; sourceTree = "<group>"; };
		6350196726256C6F00AC0E4F /* SourceSansPro-Bold.ttf */ = {isa = PBXFileReference; lastKnownFileType = file; path = "SourceSansPro-Bold.ttf"; sourceTree = "<group>"; };
		6350196826256C6F00AC0E4F /* SourceSansPro-Regular.ttf */ = {isa = PBXFileReference; lastKnownFileType = file; path = "SourceSansPro-Regular.ttf"; sourceTree = "<group>"; };
		6350196C26256E9800AC0E4F /* FontConstants.swift */ = {isa = PBXFileReference; lastKnownFileType = sourcecode.swift; path = FontConstants.swift; sourceTree = "<group>"; };
		635019702625744200AC0E4F /* LoginStatus.swift */ = {isa = PBXFileReference; fileEncoding = 4; lastKnownFileType = sourcecode.swift; path = LoginStatus.swift; sourceTree = "<group>"; };
		635019712625744200AC0E4F /* DataService.swift */ = {isa = PBXFileReference; fileEncoding = 4; lastKnownFileType = sourcecode.swift; path = DataService.swift; sourceTree = "<group>"; };
		635019722625744200AC0E4F /* DataServiceProtocol.swift */ = {isa = PBXFileReference; fileEncoding = 4; lastKnownFileType = sourcecode.swift; path = DataServiceProtocol.swift; sourceTree = "<group>"; };
		6350197726257B4400AC0E4F /* QuizzesViewController.swift */ = {isa = PBXFileReference; lastKnownFileType = sourcecode.swift; path = QuizzesViewController.swift; sourceTree = "<group>"; };
		6350197A2625826E00AC0E4F /* Constants.swift */ = {isa = PBXFileReference; lastKnownFileType = sourcecode.swift; path = Constants.swift; sourceTree = "<group>"; };
		6350198226258AB600AC0E4F /* PopQuizLabel.swift */ = {isa = PBXFileReference; lastKnownFileType = sourcecode.swift; path = PopQuizLabel.swift; sourceTree = "<group>"; };
		635019892625900000AC0E4F /* SearchViewController.swift */ = {isa = PBXFileReference; lastKnownFileType = sourcecode.swift; path = SearchViewController.swift; sourceTree = "<group>"; };
		6350198C262590F600AC0E4F /* SettingsViewController.swift */ = {isa = PBXFileReference; lastKnownFileType = sourcecode.swift; path = SettingsViewController.swift; sourceTree = "<group>"; };
		635019AF2625A3B000AC0E4F /* SourceSansPro-SemiBold.ttf */ = {isa = PBXFileReference; lastKnownFileType = file; path = "SourceSansPro-SemiBold.ttf"; sourceTree = "<group>"; };
		635019B92625F40100AC0E4F /* QuizCell.swift */ = {isa = PBXFileReference; lastKnownFileType = sourcecode.swift; path = QuizCell.swift; sourceTree = "<group>"; };
		635019C22626571A00AC0E4F /* QuizCategoryColor.swift */ = {isa = PBXFileReference; lastKnownFileType = sourcecode.swift; path = QuizCategoryColor.swift; sourceTree = "<group>"; };
		635DB7702642D167001029BA /* MainCoordinatorPattern.swift */ = {isa = PBXFileReference; lastKnownFileType = sourcecode.swift; path = MainCoordinatorPattern.swift; sourceTree = "<group>"; };
		635DB7732642D4CB001029BA /* DataCoordinator.swift */ = {isa = PBXFileReference; lastKnownFileType = sourcecode.swift; path = DataCoordinator.swift; sourceTree = "<group>"; };
		635DB7752643EDCF001029BA /* LandscapeWindowExtension.swift */ = {isa = PBXFileReference; lastKnownFileType = sourcecode.swift; path = LandscapeWindowExtension.swift; sourceTree = "<group>"; };
		635DB777264435F5001029BA /* LeaderboardViewController.swift */ = {isa = PBXFileReference; lastKnownFileType = sourcecode.swift; path = LeaderboardViewController.swift; sourceTree = "<group>"; };
		635DB77926444684001029BA /* LeaderboardManager.swift */ = {isa = PBXFileReference; lastKnownFileType = sourcecode.swift; path = LeaderboardManager.swift; sourceTree = "<group>"; };
		635DB77B264448B7001029BA /* LeaderboardModel.swift */ = {isa = PBXFileReference; lastKnownFileType = sourcecode.swift; path = LeaderboardModel.swift; sourceTree = "<group>"; };
		635DB77D264454EE001029BA /* LeaderboardCell.swift */ = {isa = PBXFileReference; lastKnownFileType = sourcecode.swift; path = LeaderboardCell.swift; sourceTree = "<group>"; };
		6373A1152626D27C00273117 /* PopupView.swift */ = {isa = PBXFileReference; lastKnownFileType = sourcecode.swift; path = PopupView.swift; sourceTree = "<group>"; };
		638062C1263E019200F1E633 /* ImageEnum.swift */ = {isa = PBXFileReference; lastKnownFileType = sourcecode.swift; path = ImageEnum.swift; sourceTree = "<group>"; };
		63BC9CE62624249800BE9BA6 /* QuizApp.app */ = {isa = PBXFileReference; explicitFileType = wrapper.application; includeInIndex = 0; path = QuizApp.app; sourceTree = BUILT_PRODUCTS_DIR; };
		63BC9CE92624249800BE9BA6 /* AppDelegate.swift */ = {isa = PBXFileReference; lastKnownFileType = sourcecode.swift; path = AppDelegate.swift; sourceTree = "<group>"; };
		63BC9CEB2624249800BE9BA6 /* SceneDelegate.swift */ = {isa = PBXFileReference; lastKnownFileType = sourcecode.swift; path = SceneDelegate.swift; sourceTree = "<group>"; };
		63BC9CF22624249A00BE9BA6 /* Assets.xcassets */ = {isa = PBXFileReference; lastKnownFileType = folder.assetcatalog; path = Assets.xcassets; sourceTree = "<group>"; };
		63BC9CF52624249A00BE9BA6 /* Base */ = {isa = PBXFileReference; lastKnownFileType = file.storyboard; name = Base; path = Base.lproj/LaunchScreen.storyboard; sourceTree = "<group>"; };
		63BC9CF72624249A00BE9BA6 /* Info.plist */ = {isa = PBXFileReference; lastKnownFileType = text.plist.xml; path = Info.plist; sourceTree = "<group>"; };
		6588C4DC06A98557EAF4B374 /* Pods-QuizApp.release.xcconfig */ = {isa = PBXFileReference; includeInIndex = 1; lastKnownFileType = text.xcconfig; name = "Pods-QuizApp.release.xcconfig"; path = "Target Support Files/Pods-QuizApp/Pods-QuizApp.release.xcconfig"; sourceTree = "<group>"; };
		A37CB6B851B6EB14E73F76A1 /* Pods_QuizApp.framework */ = {isa = PBXFileReference; explicitFileType = wrapper.framework; includeInIndex = 0; path = Pods_QuizApp.framework; sourceTree = BUILT_PRODUCTS_DIR; };
/* End PBXFileReference section */

/* Begin PBXFrameworksBuildPhase section */
		63BC9CE32624249800BE9BA6 /* Frameworks */ = {
			isa = PBXFrameworksBuildPhase;
			buildActionMask = 2147483647;
			files = (
				2FF1C7E11459BA0A00BDECE9 /* Pods_QuizApp.framework in Frameworks */,
			);
			runOnlyForDeploymentPostprocessing = 0;
		};
/* End PBXFrameworksBuildPhase section */

/* Begin PBXGroup section */
		6350196626256C2F00AC0E4F /* Fonts */ = {
			isa = PBXGroup;
			children = (
				635019AF2625A3B000AC0E4F /* SourceSansPro-SemiBold.ttf */,
				6350196826256C6F00AC0E4F /* SourceSansPro-Regular.ttf */,
				6350196726256C6F00AC0E4F /* SourceSansPro-Bold.ttf */,
				6350196C26256E9800AC0E4F /* FontConstants.swift */,
			);
			path = Fonts;
			sourceTree = "<group>";
		};
		635019A026259B6700AC0E4F /* ViewControllers */ = {
			isa = PBXGroup;
			children = (
				6350197726257B4400AC0E4F /* QuizzesViewController.swift */,
				6350191F26244B4D00AC0E4F /* LoginViewController.swift */,
				635019892625900000AC0E4F /* SearchViewController.swift */,
				6350198C262590F600AC0E4F /* SettingsViewController.swift */,
				634EAE38264003E000006FAA /* QuizStartViewController.swift */,
				634EAE3C2640402E00006FAA /* QuizViewController.swift */,
				634EAE422641322700006FAA /* QuizResultViewController.swift */,
				635DB777264435F5001029BA /* LeaderboardViewController.swift */,
			);
			name = ViewControllers;
			sourceTree = "<group>";
		};
		635019A326259BB600AC0E4F /* Data */ = {
			isa = PBXGroup;
			children = (
				635019712625744200AC0E4F /* DataService.swift */,
				635019722625744200AC0E4F /* DataServiceProtocol.swift */,
				635DB77926444684001029BA /* LeaderboardManager.swift */,
			);
			name = Data;
			sourceTree = "<group>";
		};
		635019A426259BC600AC0E4F /* Models */ = {
			isa = PBXGroup;
			children = (
				635019B92625F40100AC0E4F /* QuizCell.swift */,
				635019702625744200AC0E4F /* LoginStatus.swift */,
				6350193B26245F1200AC0E4F /* Question.swift */,
				6350193A26245F1200AC0E4F /* Quiz.swift */,
				6350193D26245F1200AC0E4F /* QuizCategory.swift */,
				635019C22626571A00AC0E4F /* QuizCategoryColor.swift */,
				635DB77B264448B7001029BA /* LeaderboardModel.swift */,
				635DB77D264454EE001029BA /* LeaderboardCell.swift */,
			);
			name = Models;
			sourceTree = "<group>";
		};
		635019A726259BE000AC0E4F /* Style */ = {
			isa = PBXGroup;
			children = (
				6350194926246C1E00AC0E4F /* BackgroundStyle.swift */,
				6350194C262477D300AC0E4F /* StyleOptions.swift */,
				638062C1263E019200F1E633 /* ImageEnum.swift */,
			);
			name = Style;
			sourceTree = "<group>";
		};
		635019AC26259C5600AC0E4F /* CustomUIKitElements */ = {
			isa = PBXGroup;
			children = (
				635DB7752643EDCF001029BA /* LandscapeWindowExtension.swift */,
				6350195C2624AE9F00AC0E4F /* LoginTextField.swift */,
				6350195F2624B69800AC0E4F /* MenuButton.swift */,
				6350198226258AB600AC0E4F /* PopQuizLabel.swift */,
				6373A1152626D27C00273117 /* PopupView.swift */,
				634EAE3A2640057600006FAA /* NavigationTitleLabel.swift */,
				634EAE3E2640575900006FAA /* AnswerButton.swift */,
			);
			name = CustomUIKitElements;
			sourceTree = "<group>";
		};
		635DB7722642D189001029BA /* Coordinators */ = {
			isa = PBXGroup;
			children = (
				635DB7702642D167001029BA /* MainCoordinatorPattern.swift */,
				634EAE36263FF99A00006FAA /* AppRouter.swift */,
				635DB7732642D4CB001029BA /* DataCoordinator.swift */,
			);
			name = Coordinators;
			sourceTree = "<group>";
		};
		63BC9CDD2624249800BE9BA6 = {
			isa = PBXGroup;
			children = (
				63BC9CE82624249800BE9BA6 /* QuizApp */,
				63BC9CE72624249800BE9BA6 /* Products */,
				911E549DCD9E13351DD925D2 /* Pods */,
				BC8F963C11FEFEF3719C3104 /* Frameworks */,
			);
			sourceTree = "<group>";
		};
		63BC9CE72624249800BE9BA6 /* Products */ = {
			isa = PBXGroup;
			children = (
				63BC9CE62624249800BE9BA6 /* QuizApp.app */,
			);
			name = Products;
			sourceTree = "<group>";
		};
		63BC9CE82624249800BE9BA6 /* QuizApp */ = {
			isa = PBXGroup;
			children = (
				63BC9CE92624249800BE9BA6 /* AppDelegate.swift */,
				63BC9CEB2624249800BE9BA6 /* SceneDelegate.swift */,
				6350197A2625826E00AC0E4F /* Constants.swift */,
				63BC9CF22624249A00BE9BA6 /* Assets.xcassets */,
				63BC9CF42624249A00BE9BA6 /* LaunchScreen.storyboard */,
				63BC9CF72624249A00BE9BA6 /* Info.plist */,
				635DB7722642D189001029BA /* Coordinators */,
				635019AC26259C5600AC0E4F /* CustomUIKitElements */,
				635019A726259BE000AC0E4F /* Style */,
				635019A426259BC600AC0E4F /* Models */,
				635019A326259BB600AC0E4F /* Data */,
				635019A026259B6700AC0E4F /* ViewControllers */,
				6350196626256C2F00AC0E4F /* Fonts */,
				634EAE402640836A00006FAA /* QuestionTrackerView.swift */,
			);
			path = QuizApp;
			sourceTree = "<group>";
		};
		911E549DCD9E13351DD925D2 /* Pods */ = {
			isa = PBXGroup;
			children = (
				1D6031BC8A6DAD7995F5614C /* Pods-QuizApp.debug.xcconfig */,
				6588C4DC06A98557EAF4B374 /* Pods-QuizApp.release.xcconfig */,
			);
			path = Pods;
			sourceTree = "<group>";
		};
		BC8F963C11FEFEF3719C3104 /* Frameworks */ = {
			isa = PBXGroup;
			children = (
				A37CB6B851B6EB14E73F76A1 /* Pods_QuizApp.framework */,
			);
			name = Frameworks;
			sourceTree = "<group>";
		};
/* End PBXGroup section */

/* Begin PBXNativeTarget section */
		63BC9CE52624249800BE9BA6 /* QuizApp */ = {
			isa = PBXNativeTarget;
			buildConfigurationList = 63BC9CFA2624249A00BE9BA6 /* Build configuration list for PBXNativeTarget "QuizApp" */;
			buildPhases = (
				D36EB7AF0D3EEB1A4A22A960 /* [CP] Check Pods Manifest.lock */,
				63BC9CE22624249800BE9BA6 /* Sources */,
				63BC9CE32624249800BE9BA6 /* Frameworks */,
				63BC9CE42624249800BE9BA6 /* Resources */,
				FDD53B343715804B9F072C2C /* [CP] Embed Pods Frameworks */,
			);
			buildRules = (
			);
			dependencies = (
			);
			name = QuizApp;
			productName = QuizApp;
			productReference = 63BC9CE62624249800BE9BA6 /* QuizApp.app */;
			productType = "com.apple.product-type.application";
		};
/* End PBXNativeTarget section */

/* Begin PBXProject section */
		63BC9CDE2624249800BE9BA6 /* Project object */ = {
			isa = PBXProject;
			attributes = {
				LastSwiftUpdateCheck = 1240;
				LastUpgradeCheck = 1240;
				TargetAttributes = {
					63BC9CE52624249800BE9BA6 = {
						CreatedOnToolsVersion = 12.4;
					};
				};
			};
			buildConfigurationList = 63BC9CE12624249800BE9BA6 /* Build configuration list for PBXProject "QuizApp" */;
			compatibilityVersion = "Xcode 9.3";
			developmentRegion = en;
			hasScannedForEncodings = 0;
			knownRegions = (
				en,
				Base,
			);
			mainGroup = 63BC9CDD2624249800BE9BA6;
			productRefGroup = 63BC9CE72624249800BE9BA6 /* Products */;
			projectDirPath = "";
			projectRoot = "";
			targets = (
				63BC9CE52624249800BE9BA6 /* QuizApp */,
			);
		};
/* End PBXProject section */

/* Begin PBXResourcesBuildPhase section */
		63BC9CE42624249800BE9BA6 /* Resources */ = {
			isa = PBXResourcesBuildPhase;
			buildActionMask = 2147483647;
			files = (
				63BC9CF62624249A00BE9BA6 /* LaunchScreen.storyboard in Resources */,
				63BC9CF32624249A00BE9BA6 /* Assets.xcassets in Resources */,
				635019B02625A3B000AC0E4F /* SourceSansPro-SemiBold.ttf in Resources */,
				6350196926256C6F00AC0E4F /* SourceSansPro-Bold.ttf in Resources */,
				6350196A26256C6F00AC0E4F /* SourceSansPro-Regular.ttf in Resources */,
			);
			runOnlyForDeploymentPostprocessing = 0;
		};
/* End PBXResourcesBuildPhase section */

/* Begin PBXShellScriptBuildPhase section */
		D36EB7AF0D3EEB1A4A22A960 /* [CP] Check Pods Manifest.lock */ = {
			isa = PBXShellScriptBuildPhase;
			buildActionMask = 2147483647;
			files = (
			);
			inputFileListPaths = (
			);
			inputPaths = (
				"${PODS_PODFILE_DIR_PATH}/Podfile.lock",
				"${PODS_ROOT}/Manifest.lock",
			);
			name = "[CP] Check Pods Manifest.lock";
			outputFileListPaths = (
			);
			outputPaths = (
				"$(DERIVED_FILE_DIR)/Pods-QuizApp-checkManifestLockResult.txt",
			);
			runOnlyForDeploymentPostprocessing = 0;
			shellPath = /bin/sh;
			shellScript = "diff \"${PODS_PODFILE_DIR_PATH}/Podfile.lock\" \"${PODS_ROOT}/Manifest.lock\" > /dev/null\nif [ $? != 0 ] ; then\n    # print error to STDERR\n    echo \"error: The sandbox is not in sync with the Podfile.lock. Run 'pod install' or update your CocoaPods installation.\" >&2\n    exit 1\nfi\n# This output is used by Xcode 'outputs' to avoid re-running this script phase.\necho \"SUCCESS\" > \"${SCRIPT_OUTPUT_FILE_0}\"\n";
			showEnvVarsInLog = 0;
		};
		FDD53B343715804B9F072C2C /* [CP] Embed Pods Frameworks */ = {
			isa = PBXShellScriptBuildPhase;
			buildActionMask = 2147483647;
			files = (
			);
			inputFileListPaths = (
				"${PODS_ROOT}/Target Support Files/Pods-QuizApp/Pods-QuizApp-frameworks-${CONFIGURATION}-input-files.xcfilelist",
			);
			name = "[CP] Embed Pods Frameworks";
			outputFileListPaths = (
				"${PODS_ROOT}/Target Support Files/Pods-QuizApp/Pods-QuizApp-frameworks-${CONFIGURATION}-output-files.xcfilelist",
			);
			runOnlyForDeploymentPostprocessing = 0;
			shellPath = /bin/sh;
			shellScript = "\"${PODS_ROOT}/Target Support Files/Pods-QuizApp/Pods-QuizApp-frameworks.sh\"\n";
			showEnvVarsInLog = 0;
		};
/* End PBXShellScriptBuildPhase section */

/* Begin PBXSourcesBuildPhase section */
		63BC9CE22624249800BE9BA6 /* Sources */ = {
			isa = PBXSourcesBuildPhase;
			buildActionMask = 2147483647;
			files = (
				635DB7712642D167001029BA /* MainCoordinatorPattern.swift in Sources */,
				6350193F26245F1200AC0E4F /* Question.swift in Sources */,
				635019742625744300AC0E4F /* DataService.swift in Sources */,
				635019732625744300AC0E4F /* LoginStatus.swift in Sources */,
				6350194A26246C1E00AC0E4F /* BackgroundStyle.swift in Sources */,
				6350194126245F1200AC0E4F /* QuizCategory.swift in Sources */,
				6350198D262590F600AC0E4F /* SettingsViewController.swift in Sources */,
				635DB77C264448B7001029BA /* LeaderboardModel.swift in Sources */,
				635DB77E264454EE001029BA /* LeaderboardCell.swift in Sources */,
				6350194D262477D300AC0E4F /* StyleOptions.swift in Sources */,
				6350192026244B4D00AC0E4F /* LoginViewController.swift in Sources */,
				6350198326258AB600AC0E4F /* PopQuizLabel.swift in Sources */,
				6350197B2625826E00AC0E4F /* Constants.swift in Sources */,
				635DB77A26444684001029BA /* LeaderboardManager.swift in Sources */,
				635DB7762643EDCF001029BA /* LandscapeWindowExtension.swift in Sources */,
				63BC9CEA2624249800BE9BA6 /* AppDelegate.swift in Sources */,
				6373A1162626D27C00273117 /* PopupView.swift in Sources */,
				6350196D26256E9800AC0E4F /* FontConstants.swift in Sources */,
				635DB7742642D4CB001029BA /* DataCoordinator.swift in Sources */,
				6350197826257B4400AC0E4F /* QuizzesViewController.swift in Sources */,
				635019C32626571A00AC0E4F /* QuizCategoryColor.swift in Sources */,
				634EAE412640836A00006FAA /* QuestionTrackerView.swift in Sources */,
				634EAE3B2640057600006FAA /* NavigationTitleLabel.swift in Sources */,
				6350198A2625900000AC0E4F /* SearchViewController.swift in Sources */,
				6350193E26245F1200AC0E4F /* Quiz.swift in Sources */,
				6350195D2624AE9F00AC0E4F /* LoginTextField.swift in Sources */,
				635019752625744300AC0E4F /* DataServiceProtocol.swift in Sources */,
				63BC9CEC2624249800BE9BA6 /* SceneDelegate.swift in Sources */,
				634EAE37263FF99A00006FAA /* AppRouter.swift in Sources */,
				638062C2263E019200F1E633 /* ImageEnum.swift in Sources */,
				634EAE39264003E000006FAA /* QuizStartViewController.swift in Sources */,
				635DB778264435F5001029BA /* LeaderboardViewController.swift in Sources */,
				634EAE3D2640402E00006FAA /* QuizViewController.swift in Sources */,
				634EAE432641322700006FAA /* QuizResultViewController.swift in Sources */,
				634EAE3F2640575900006FAA /* AnswerButton.swift in Sources */,
				635019BA2625F40100AC0E4F /* QuizCell.swift in Sources */,
				635019602624B69800AC0E4F /* MenuButton.swift in Sources */,
			);
			runOnlyForDeploymentPostprocessing = 0;
		};
/* End PBXSourcesBuildPhase section */

/* Begin PBXVariantGroup section */
		63BC9CF42624249A00BE9BA6 /* LaunchScreen.storyboard */ = {
			isa = PBXVariantGroup;
			children = (
				63BC9CF52624249A00BE9BA6 /* Base */,
			);
			name = LaunchScreen.storyboard;
			sourceTree = "<group>";
		};
/* End PBXVariantGroup section */

/* Begin XCBuildConfiguration section */
		63BC9CF82624249A00BE9BA6 /* Debug */ = {
			isa = XCBuildConfiguration;
			buildSettings = {
				ALWAYS_SEARCH_USER_PATHS = NO;
				CLANG_ANALYZER_NONNULL = YES;
				CLANG_ANALYZER_NUMBER_OBJECT_CONVERSION = YES_AGGRESSIVE;
				CLANG_CXX_LANGUAGE_STANDARD = "gnu++14";
				CLANG_CXX_LIBRARY = "libc++";
				CLANG_ENABLE_MODULES = YES;
				CLANG_ENABLE_OBJC_ARC = YES;
				CLANG_ENABLE_OBJC_WEAK = YES;
				CLANG_WARN_BLOCK_CAPTURE_AUTORELEASING = YES;
				CLANG_WARN_BOOL_CONVERSION = YES;
				CLANG_WARN_COMMA = YES;
				CLANG_WARN_CONSTANT_CONVERSION = YES;
				CLANG_WARN_DEPRECATED_OBJC_IMPLEMENTATIONS = YES;
				CLANG_WARN_DIRECT_OBJC_ISA_USAGE = YES_ERROR;
				CLANG_WARN_DOCUMENTATION_COMMENTS = YES;
				CLANG_WARN_EMPTY_BODY = YES;
				CLANG_WARN_ENUM_CONVERSION = YES;
				CLANG_WARN_INFINITE_RECURSION = YES;
				CLANG_WARN_INT_CONVERSION = YES;
				CLANG_WARN_NON_LITERAL_NULL_CONVERSION = YES;
				CLANG_WARN_OBJC_IMPLICIT_RETAIN_SELF = YES;
				CLANG_WARN_OBJC_LITERAL_CONVERSION = YES;
				CLANG_WARN_OBJC_ROOT_CLASS = YES_ERROR;
				CLANG_WARN_QUOTED_INCLUDE_IN_FRAMEWORK_HEADER = YES;
				CLANG_WARN_RANGE_LOOP_ANALYSIS = YES;
				CLANG_WARN_STRICT_PROTOTYPES = YES;
				CLANG_WARN_SUSPICIOUS_MOVE = YES;
				CLANG_WARN_UNGUARDED_AVAILABILITY = YES_AGGRESSIVE;
				CLANG_WARN_UNREACHABLE_CODE = YES;
				CLANG_WARN__DUPLICATE_METHOD_MATCH = YES;
				COPY_PHASE_STRIP = NO;
				DEBUG_INFORMATION_FORMAT = dwarf;
				ENABLE_STRICT_OBJC_MSGSEND = YES;
				ENABLE_TESTABILITY = YES;
				GCC_C_LANGUAGE_STANDARD = gnu11;
				GCC_DYNAMIC_NO_PIC = NO;
				GCC_NO_COMMON_BLOCKS = YES;
				GCC_OPTIMIZATION_LEVEL = 0;
				GCC_PREPROCESSOR_DEFINITIONS = (
					"DEBUG=1",
					"$(inherited)",
				);
				GCC_WARN_64_TO_32_BIT_CONVERSION = YES;
				GCC_WARN_ABOUT_RETURN_TYPE = YES_ERROR;
				GCC_WARN_UNDECLARED_SELECTOR = YES;
				GCC_WARN_UNINITIALIZED_AUTOS = YES_AGGRESSIVE;
				GCC_WARN_UNUSED_FUNCTION = YES;
				GCC_WARN_UNUSED_VARIABLE = YES;
				IPHONEOS_DEPLOYMENT_TARGET = 14.4;
				MTL_ENABLE_DEBUG_INFO = INCLUDE_SOURCE;
				MTL_FAST_MATH = YES;
				ONLY_ACTIVE_ARCH = YES;
				SDKROOT = iphoneos;
				SWIFT_ACTIVE_COMPILATION_CONDITIONS = DEBUG;
				SWIFT_OPTIMIZATION_LEVEL = "-Onone";
			};
			name = Debug;
		};
		63BC9CF92624249A00BE9BA6 /* Release */ = {
			isa = XCBuildConfiguration;
			buildSettings = {
				ALWAYS_SEARCH_USER_PATHS = NO;
				CLANG_ANALYZER_NONNULL = YES;
				CLANG_ANALYZER_NUMBER_OBJECT_CONVERSION = YES_AGGRESSIVE;
				CLANG_CXX_LANGUAGE_STANDARD = "gnu++14";
				CLANG_CXX_LIBRARY = "libc++";
				CLANG_ENABLE_MODULES = YES;
				CLANG_ENABLE_OBJC_ARC = YES;
				CLANG_ENABLE_OBJC_WEAK = YES;
				CLANG_WARN_BLOCK_CAPTURE_AUTORELEASING = YES;
				CLANG_WARN_BOOL_CONVERSION = YES;
				CLANG_WARN_COMMA = YES;
				CLANG_WARN_CONSTANT_CONVERSION = YES;
				CLANG_WARN_DEPRECATED_OBJC_IMPLEMENTATIONS = YES;
				CLANG_WARN_DIRECT_OBJC_ISA_USAGE = YES_ERROR;
				CLANG_WARN_DOCUMENTATION_COMMENTS = YES;
				CLANG_WARN_EMPTY_BODY = YES;
				CLANG_WARN_ENUM_CONVERSION = YES;
				CLANG_WARN_INFINITE_RECURSION = YES;
				CLANG_WARN_INT_CONVERSION = YES;
				CLANG_WARN_NON_LITERAL_NULL_CONVERSION = YES;
				CLANG_WARN_OBJC_IMPLICIT_RETAIN_SELF = YES;
				CLANG_WARN_OBJC_LITERAL_CONVERSION = YES;
				CLANG_WARN_OBJC_ROOT_CLASS = YES_ERROR;
				CLANG_WARN_QUOTED_INCLUDE_IN_FRAMEWORK_HEADER = YES;
				CLANG_WARN_RANGE_LOOP_ANALYSIS = YES;
				CLANG_WARN_STRICT_PROTOTYPES = YES;
				CLANG_WARN_SUSPICIOUS_MOVE = YES;
				CLANG_WARN_UNGUARDED_AVAILABILITY = YES_AGGRESSIVE;
				CLANG_WARN_UNREACHABLE_CODE = YES;
				CLANG_WARN__DUPLICATE_METHOD_MATCH = YES;
				COPY_PHASE_STRIP = NO;
				DEBUG_INFORMATION_FORMAT = "dwarf-with-dsym";
				ENABLE_NS_ASSERTIONS = NO;
				ENABLE_STRICT_OBJC_MSGSEND = YES;
				GCC_C_LANGUAGE_STANDARD = gnu11;
				GCC_NO_COMMON_BLOCKS = YES;
				GCC_WARN_64_TO_32_BIT_CONVERSION = YES;
				GCC_WARN_ABOUT_RETURN_TYPE = YES_ERROR;
				GCC_WARN_UNDECLARED_SELECTOR = YES;
				GCC_WARN_UNINITIALIZED_AUTOS = YES_AGGRESSIVE;
				GCC_WARN_UNUSED_FUNCTION = YES;
				GCC_WARN_UNUSED_VARIABLE = YES;
				IPHONEOS_DEPLOYMENT_TARGET = 14.4;
				MTL_ENABLE_DEBUG_INFO = NO;
				MTL_FAST_MATH = YES;
				SDKROOT = iphoneos;
				SWIFT_COMPILATION_MODE = wholemodule;
				SWIFT_OPTIMIZATION_LEVEL = "-O";
				VALIDATE_PRODUCT = YES;
			};
			name = Release;
		};
		63BC9CFB2624249A00BE9BA6 /* Debug */ = {
			isa = XCBuildConfiguration;
			baseConfigurationReference = 1D6031BC8A6DAD7995F5614C /* Pods-QuizApp.debug.xcconfig */;
			buildSettings = {
				ASSETCATALOG_COMPILER_APPICON_NAME = AppIcon;
				ASSETCATALOG_COMPILER_GLOBAL_ACCENT_COLOR_NAME = AccentColor;
				CODE_SIGN_STYLE = Automatic;
				DEVELOPMENT_TEAM = U9LSYL6BJC;
				INFOPLIST_FILE = QuizApp/Info.plist;
				LD_RUNPATH_SEARCH_PATHS = (
					"$(inherited)",
					"@executable_path/Frameworks",
				);
				PRODUCT_BUNDLE_IDENTIFIER = hr.fer.lihter.marko.QuizApp;
				PRODUCT_NAME = "$(TARGET_NAME)";
				SWIFT_VERSION = 5.0;
				TARGETED_DEVICE_FAMILY = "1,2";
			};
			name = Debug;
		};
		63BC9CFC2624249A00BE9BA6 /* Release */ = {
			isa = XCBuildConfiguration;
			baseConfigurationReference = 6588C4DC06A98557EAF4B374 /* Pods-QuizApp.release.xcconfig */;
			buildSettings = {
				ASSETCATALOG_COMPILER_APPICON_NAME = AppIcon;
				ASSETCATALOG_COMPILER_GLOBAL_ACCENT_COLOR_NAME = AccentColor;
				CODE_SIGN_STYLE = Automatic;
				DEVELOPMENT_TEAM = U9LSYL6BJC;
				INFOPLIST_FILE = QuizApp/Info.plist;
				LD_RUNPATH_SEARCH_PATHS = (
					"$(inherited)",
					"@executable_path/Frameworks",
				);
				PRODUCT_BUNDLE_IDENTIFIER = hr.fer.lihter.marko.QuizApp;
				PRODUCT_NAME = "$(TARGET_NAME)";
				SWIFT_VERSION = 5.0;
				TARGETED_DEVICE_FAMILY = "1,2";
			};
			name = Release;
		};
/* End XCBuildConfiguration section */

/* Begin XCConfigurationList section */
		63BC9CE12624249800BE9BA6 /* Build configuration list for PBXProject "QuizApp" */ = {
			isa = XCConfigurationList;
			buildConfigurations = (
				63BC9CF82624249A00BE9BA6 /* Debug */,
				63BC9CF92624249A00BE9BA6 /* Release */,
			);
			defaultConfigurationIsVisible = 0;
			defaultConfigurationName = Release;
		};
		63BC9CFA2624249A00BE9BA6 /* Build configuration list for PBXNativeTarget "QuizApp" */ = {
			isa = XCConfigurationList;
			buildConfigurations = (
				63BC9CFB2624249A00BE9BA6 /* Debug */,
				63BC9CFC2624249A00BE9BA6 /* Release */,
			);
			defaultConfigurationIsVisible = 0;
			defaultConfigurationName = Release;
		};
/* End XCConfigurationList section */
	};
	rootObject = 63BC9CDE2624249800BE9BA6 /* Project object */;
}
